
Microsoft Visual Studio Solution File, Format Version 12.00
# Visual Studio 2012
Project("{FAE04EC0-301F-11D3-BF4B-00C04F79EFBC}") = "AmazonProductSearch", "AmazonProductSearch\AmazonProductSearch.csproj", "{45DDEBCA-5487-4770-A5C9-7E8DBE07BD89}"
EndProject
Project("{FAE04EC0-301F-11D3-BF4B-00C04F79EFBC}") = "AmazonOperations", "AmazonOperations\AmazonOperations.csproj", "{EE5EFA93-9C7F-4406-97B7-5C05EB73DD91}"
EndProject
Global
	GlobalSection(SolutionConfigurationPlatforms) = preSolution
		Debug|Any CPU = Debug|Any CPU
		Release|Any CPU = Release|Any CPU
		Mono Debug|Any CPU = Mono Debug|Any CPU
	EndGlobalSection
	GlobalSection(ProjectConfigurationPlatforms) = postSolution
		{45DDEBCA-5487-4770-A5C9-7E8DBE07BD89}.Debug|Any CPU.ActiveCfg = Debug|Any CPU
		{45DDEBCA-5487-4770-A5C9-7E8DBE07BD89}.Debug|Any CPU.Build.0 = Debug|Any CPU
		{45DDEBCA-5487-4770-A5C9-7E8DBE07BD89}.Release|Any CPU.ActiveCfg = Release|Any CPU
		{45DDEBCA-5487-4770-A5C9-7E8DBE07BD89}.Release|Any CPU.Build.0 = Release|Any CPU
		{45DDEBCA-5487-4770-A5C9-7E8DBE07BD89}.Mono Debug|Any CPU.ActiveCfg = Debug|Any CPU
		{45DDEBCA-5487-4770-A5C9-7E8DBE07BD89}.Mono Debug|Any CPU.Build.0 = Debug|Any CPU
		{EE5EFA93-9C7F-4406-97B7-5C05EB73DD91}.Debug|Any CPU.ActiveCfg = Debug|Any CPU
		{EE5EFA93-9C7F-4406-97B7-5C05EB73DD91}.Debug|Any CPU.Build.0 = Debug|Any CPU
		{EE5EFA93-9C7F-4406-97B7-5C05EB73DD91}.Release|Any CPU.ActiveCfg = Release|Any CPU
		{EE5EFA93-9C7F-4406-97B7-5C05EB73DD91}.Release|Any CPU.Build.0 = Release|Any CPU
		{EE5EFA93-9C7F-4406-97B7-5C05EB73DD91}.Mono Debug|Any CPU.ActiveCfg = Debug|Any CPU
		{EE5EFA93-9C7F-4406-97B7-5C05EB73DD91}.Mono Debug|Any CPU.Build.0 = Debug|Any CPU
	EndGlobalSection
EndGlobal
