
Microsoft Visual Studio Solution File, Format Version 12.00
# Visual Studio 2012
Project("{FAE04EC0-301F-11D3-BF4B-00C04F79EFBC}") = "AmazonProductSearch", "AmazonProductSearch\AmazonProductSearch.csproj", "{45DDEBCA-5487-4770-A5C9-7E8DBE07BD89}"
EndProject
Project("{FAE04EC0-301F-11D3-BF4B-00C04F79EFBC}") = "Nager.AmazonProductAdvertising", "..\..\Downloads\Nager.AmazonProductAdvertising-master\Nager.AmazonProductAdvertising\Nager.AmazonProductAdvertising.csproj", "{52BC1BDB-2733-485D-BF61-FF22D7A5B98F}"
EndProject
Project("{FAE04EC0-301F-11D3-BF4B-00C04F79EFBC}") = "AmazonOperations", "AmazonOperations\AmazonOperations.csproj", "{BC6DB976-DC9F-48FF-8C45-9A0F364ABA43}"
EndProject
Global
	GlobalSection(SolutionConfigurationPlatforms) = preSolution
		Debug|Any CPU = Debug|Any CPU
		Release|Any CPU = Release|Any CPU
		Mono Debug|Any CPU = Mono Debug|Any CPU
	EndGlobalSection
	GlobalSection(ProjectConfigurationPlatforms) = postSolution
		{45DDEBCA-5487-4770-A5C9-7E8DBE07BD89}.Debug|Any CPU.ActiveCfg = Debug|Any CPU
		{45DDEBCA-5487-4770-A5C9-7E8DBE07BD89}.Debug|Any CPU.Build.0 = Debug|Any CPU
		{45DDEBCA-5487-4770-A5C9-7E8DBE07BD89}.Release|Any CPU.ActiveCfg = Release|Any CPU
		{45DDEBCA-5487-4770-A5C9-7E8DBE07BD89}.Release|Any CPU.Build.0 = Release|Any CPU
		{45DDEBCA-5487-4770-A5C9-7E8DBE07BD89}.Mono Debug|Any CPU.ActiveCfg = Debug|Any CPU
		{45DDEBCA-5487-4770-A5C9-7E8DBE07BD89}.Mono Debug|Any CPU.Build.0 = Debug|Any CPU
		{52BC1BDB-2733-485D-BF61-FF22D7A5B98F}.Debug|Any CPU.ActiveCfg = Debug|Any CPU
		{52BC1BDB-2733-485D-BF61-FF22D7A5B98F}.Debug|Any CPU.Build.0 = Debug|Any CPU
		{52BC1BDB-2733-485D-BF61-FF22D7A5B98F}.Release|Any CPU.ActiveCfg = Release|Any CPU
		{52BC1BDB-2733-485D-BF61-FF22D7A5B98F}.Release|Any CPU.Build.0 = Release|Any CPU
		{52BC1BDB-2733-485D-BF61-FF22D7A5B98F}.Mono Debug|Any CPU.ActiveCfg = Debug|Any CPU
		{52BC1BDB-2733-485D-BF61-FF22D7A5B98F}.Mono Debug|Any CPU.Build.0 = Debug|Any CPU
		{BC6DB976-DC9F-48FF-8C45-9A0F364ABA43}.Debug|Any CPU.ActiveCfg = Debug|Any CPU
		{BC6DB976-DC9F-48FF-8C45-9A0F364ABA43}.Debug|Any CPU.Build.0 = Debug|Any CPU
		{BC6DB976-DC9F-48FF-8C45-9A0F364ABA43}.Release|Any CPU.ActiveCfg = Release|Any CPU
		{BC6DB976-DC9F-48FF-8C45-9A0F364ABA43}.Release|Any CPU.Build.0 = Release|Any CPU
		{BC6DB976-DC9F-48FF-8C45-9A0F364ABA43}.Mono Debug|Any CPU.ActiveCfg = Debug|Any CPU
		{BC6DB976-DC9F-48FF-8C45-9A0F364ABA43}.Mono Debug|Any CPU.Build.0 = Debug|Any CPU
	EndGlobalSection
EndGlobal
